
Microsoft Visual Studio Solution File, Format Version 12.00
# Visual Studio 2013
VisualStudioVersion = 12.0.30501.0
MinimumVisualStudioVersion = 10.0.40219.1
Project("{8BC9CEB8-8B4A-11D0-8D11-00A0C91BC942}") = "Harjoitus1", "Harjoitus1\Harjoitus1.vcxproj", "{4C480E50-4C98-40CE-B9E4-7F9988266D4C}"
EndProject
Project("{8BC9CEB8-8B4A-11D0-8D11-00A0C91BC942}") = "Harjoitus2", "Harjoitus2\Harjoitus2.vcxproj", "{2B7C5254-F2B3-4940-BABC-BA3CD2E08C48}"
EndProject
Project("{8BC9CEB8-8B4A-11D0-8D11-00A0C91BC942}") = "Harjoitus3", "Harjoitus3\Harjoitus3.vcxproj", "{1ECFAB6F-936E-4CE3-AB7A-99DE0C822B4B}"
EndProject
Project("{8BC9CEB8-8B4A-11D0-8D11-00A0C91BC942}") = "Harjoitus4", "Harjoitus4\Harjoitus4.vcxproj", "{45DCEB1B-BC85-4313-AC22-9A70C6F34A79}"
EndProject
Project("{8BC9CEB8-8B4A-11D0-8D11-00A0C91BC942}") = "Harjoitus5", "Harjoitus5\Harjoitus5.vcxproj", "{16AB5459-1BBA-4A76-813F-F69A32DA3ED0}"
EndProject
Project("{8BC9CEB8-8B4A-11D0-8D11-00A0C91BC942}") = "Harjoitus6", "Harjoitus6\Harjoitus6.vcxproj", "{8E2915DD-4D0E-4B6E-9929-9E2DB6592688}"
EndProject
Project("{8BC9CEB8-8B4A-11D0-8D11-00A0C91BC942}") = "Harjoitus7", "Harjoitus7\Harjoitus7.vcxproj", "{354233E1-227B-499C-AC39-965999266A47}"
EndProject
Project("{8BC9CEB8-8B4A-11D0-8D11-00A0C91BC942}") = "Harjoitus8", "Harjoitus8\Harjoitus8.vcxproj", "{5207355D-CB18-45BD-A6EF-423F2A536DCC}"
EndProject
Project("{8BC9CEB8-8B4A-11D0-8D11-00A0C91BC942}") = "Harjoitus9", "Harjoitus9\Harjoitus9.vcxproj", "{0A72F98B-49BE-409C-B55C-898EF5B3BEC9}"
EndProject
Project("{8BC9CEB8-8B4A-11D0-8D11-00A0C91BC942}") = "Harjoitus10", "Harjoitus10\Harjoitus10.vcxproj", "{A49EDDFA-23B8-437B-B354-16E3009B9078}"
EndProject
Project("{8BC9CEB8-8B4A-11D0-8D11-00A0C91BC942}") = "Harjoitus11", "Harjoitus11\Harjoitus11.vcxproj", "{FA7960A1-3EDA-41FB-9995-ACECF9526077}"
EndProject
Project("{8BC9CEB8-8B4A-11D0-8D11-00A0C91BC942}") = "Harjoitus12", "Harjoitus12\Harjoitus12.vcxproj", "{9F4364A4-EC29-4F25-97C9-437176E852F4}"
EndProject
Project("{8BC9CEB8-8B4A-11D0-8D11-00A0C91BC942}") = "Harjoitus13", "Harjoitus13\Harjoitus13.vcxproj", "{09BA136C-C206-44D6-AC1B-C084A1EFD162}"
EndProject
Project("{8BC9CEB8-8B4A-11D0-8D11-00A0C91BC942}") = "Harjoitus14", "Harjoitus14\Harjoitus14.vcxproj", "{565F36A1-5445-4397-B9A9-8204993FC1AF}"
EndProject
Project("{8BC9CEB8-8B4A-11D0-8D11-00A0C91BC942}") = "Harjoitus15", "Harjoitus15\Harjoitus15.vcxproj", "{0CE87B4C-CFC6-499D-BF90-AE06F2DA8D09}"
EndProject
Project("{8BC9CEB8-8B4A-11D0-8D11-00A0C91BC942}") = "Harjoitus16", "Harjoitus16\Harjoitus16.vcxproj", "{873238DA-785B-4862-9A06-ED9E97AE25B4}"
EndProject
Project("{8BC9CEB8-8B4A-11D0-8D11-00A0C91BC942}") = "Harjoitus17", "Harjoitus17\Harjoitus17.vcxproj", "{82E42E94-23C2-4290-9A5D-A472F79FCF89}"
EndProject
Global
	GlobalSection(SolutionConfigurationPlatforms) = preSolution
		Debug|Win32 = Debug|Win32
		Release|Win32 = Release|Win32
	EndGlobalSection
	GlobalSection(ProjectConfigurationPlatforms) = postSolution
		{4C480E50-4C98-40CE-B9E4-7F9988266D4C}.Debug|Win32.ActiveCfg = Debug|Win32
		{4C480E50-4C98-40CE-B9E4-7F9988266D4C}.Debug|Win32.Build.0 = Debug|Win32
		{4C480E50-4C98-40CE-B9E4-7F9988266D4C}.Release|Win32.ActiveCfg = Release|Win32
		{4C480E50-4C98-40CE-B9E4-7F9988266D4C}.Release|Win32.Build.0 = Release|Win32
		{2B7C5254-F2B3-4940-BABC-BA3CD2E08C48}.Debug|Win32.ActiveCfg = Debug|Win32
		{2B7C5254-F2B3-4940-BABC-BA3CD2E08C48}.Debug|Win32.Build.0 = Debug|Win32
		{2B7C5254-F2B3-4940-BABC-BA3CD2E08C48}.Release|Win32.ActiveCfg = Release|Win32
		{2B7C5254-F2B3-4940-BABC-BA3CD2E08C48}.Release|Win32.Build.0 = Release|Win32
		{1ECFAB6F-936E-4CE3-AB7A-99DE0C822B4B}.Debug|Win32.ActiveCfg = Debug|Win32
		{1ECFAB6F-936E-4CE3-AB7A-99DE0C822B4B}.Debug|Win32.Build.0 = Debug|Win32
		{1ECFAB6F-936E-4CE3-AB7A-99DE0C822B4B}.Release|Win32.ActiveCfg = Release|Win32
		{1ECFAB6F-936E-4CE3-AB7A-99DE0C822B4B}.Release|Win32.Build.0 = Release|Win32
		{45DCEB1B-BC85-4313-AC22-9A70C6F34A79}.Debug|Win32.ActiveCfg = Debug|Win32
		{45DCEB1B-BC85-4313-AC22-9A70C6F34A79}.Debug|Win32.Build.0 = Debug|Win32
		{45DCEB1B-BC85-4313-AC22-9A70C6F34A79}.Release|Win32.ActiveCfg = Release|Win32
		{45DCEB1B-BC85-4313-AC22-9A70C6F34A79}.Release|Win32.Build.0 = Release|Win32
		{16AB5459-1BBA-4A76-813F-F69A32DA3ED0}.Debug|Win32.ActiveCfg = Debug|Win32
		{16AB5459-1BBA-4A76-813F-F69A32DA3ED0}.Debug|Win32.Build.0 = Debug|Win32
		{16AB5459-1BBA-4A76-813F-F69A32DA3ED0}.Release|Win32.ActiveCfg = Release|Win32
		{16AB5459-1BBA-4A76-813F-F69A32DA3ED0}.Release|Win32.Build.0 = Release|Win32
		{8E2915DD-4D0E-4B6E-9929-9E2DB6592688}.Debug|Win32.ActiveCfg = Debug|Win32
		{8E2915DD-4D0E-4B6E-9929-9E2DB6592688}.Debug|Win32.Build.0 = Debug|Win32
		{8E2915DD-4D0E-4B6E-9929-9E2DB6592688}.Release|Win32.ActiveCfg = Release|Win32
		{8E2915DD-4D0E-4B6E-9929-9E2DB6592688}.Release|Win32.Build.0 = Release|Win32
		{354233E1-227B-499C-AC39-965999266A47}.Debug|Win32.ActiveCfg = Debug|Win32
		{354233E1-227B-499C-AC39-965999266A47}.Debug|Win32.Build.0 = Debug|Win32
		{354233E1-227B-499C-AC39-965999266A47}.Release|Win32.ActiveCfg = Release|Win32
		{354233E1-227B-499C-AC39-965999266A47}.Release|Win32.Build.0 = Release|Win32
		{5207355D-CB18-45BD-A6EF-423F2A536DCC}.Debug|Win32.ActiveCfg = Debug|Win32
		{5207355D-CB18-45BD-A6EF-423F2A536DCC}.Debug|Win32.Build.0 = Debug|Win32
		{5207355D-CB18-45BD-A6EF-423F2A536DCC}.Release|Win32.ActiveCfg = Release|Win32
		{5207355D-CB18-45BD-A6EF-423F2A536DCC}.Release|Win32.Build.0 = Release|Win32
		{0A72F98B-49BE-409C-B55C-898EF5B3BEC9}.Debug|Win32.ActiveCfg = Debug|Win32
		{0A72F98B-49BE-409C-B55C-898EF5B3BEC9}.Debug|Win32.Build.0 = Debug|Win32
		{0A72F98B-49BE-409C-B55C-898EF5B3BEC9}.Release|Win32.ActiveCfg = Release|Win32
		{0A72F98B-49BE-409C-B55C-898EF5B3BEC9}.Release|Win32.Build.0 = Release|Win32
		{A49EDDFA-23B8-437B-B354-16E3009B9078}.Debug|Win32.ActiveCfg = Debug|Win32
		{A49EDDFA-23B8-437B-B354-16E3009B9078}.Debug|Win32.Build.0 = Debug|Win32
		{A49EDDFA-23B8-437B-B354-16E3009B9078}.Release|Win32.ActiveCfg = Release|Win32
		{A49EDDFA-23B8-437B-B354-16E3009B9078}.Release|Win32.Build.0 = Release|Win32
		{FA7960A1-3EDA-41FB-9995-ACECF9526077}.Debug|Win32.ActiveCfg = Debug|Win32
		{FA7960A1-3EDA-41FB-9995-ACECF9526077}.Debug|Win32.Build.0 = Debug|Win32
		{FA7960A1-3EDA-41FB-9995-ACECF9526077}.Release|Win32.ActiveCfg = Release|Win32
		{FA7960A1-3EDA-41FB-9995-ACECF9526077}.Release|Win32.Build.0 = Release|Win32
		{9F4364A4-EC29-4F25-97C9-437176E852F4}.Debug|Win32.ActiveCfg = Debug|Win32
		{9F4364A4-EC29-4F25-97C9-437176E852F4}.Debug|Win32.Build.0 = Debug|Win32
		{9F4364A4-EC29-4F25-97C9-437176E852F4}.Release|Win32.ActiveCfg = Release|Win32
		{9F4364A4-EC29-4F25-97C9-437176E852F4}.Release|Win32.Build.0 = Release|Win32
		{09BA136C-C206-44D6-AC1B-C084A1EFD162}.Debug|Win32.ActiveCfg = Debug|Win32
		{09BA136C-C206-44D6-AC1B-C084A1EFD162}.Debug|Win32.Build.0 = Debug|Win32
		{09BA136C-C206-44D6-AC1B-C084A1EFD162}.Release|Win32.ActiveCfg = Release|Win32
		{09BA136C-C206-44D6-AC1B-C084A1EFD162}.Release|Win32.Build.0 = Release|Win32
		{565F36A1-5445-4397-B9A9-8204993FC1AF}.Debug|Win32.ActiveCfg = Debug|Win32
		{565F36A1-5445-4397-B9A9-8204993FC1AF}.Debug|Win32.Build.0 = Debug|Win32
		{565F36A1-5445-4397-B9A9-8204993FC1AF}.Release|Win32.ActiveCfg = Release|Win32
		{565F36A1-5445-4397-B9A9-8204993FC1AF}.Release|Win32.Build.0 = Release|Win32
		{0CE87B4C-CFC6-499D-BF90-AE06F2DA8D09}.Debug|Win32.ActiveCfg = Debug|Win32
		{0CE87B4C-CFC6-499D-BF90-AE06F2DA8D09}.Debug|Win32.Build.0 = Debug|Win32
		{0CE87B4C-CFC6-499D-BF90-AE06F2DA8D09}.Release|Win32.ActiveCfg = Release|Win32
		{0CE87B4C-CFC6-499D-BF90-AE06F2DA8D09}.Release|Win32.Build.0 = Release|Win32
		{873238DA-785B-4862-9A06-ED9E97AE25B4}.Debug|Win32.ActiveCfg = Debug|Win32
		{873238DA-785B-4862-9A06-ED9E97AE25B4}.Debug|Win32.Build.0 = Debug|Win32
		{873238DA-785B-4862-9A06-ED9E97AE25B4}.Release|Win32.ActiveCfg = Release|Win32
		{873238DA-785B-4862-9A06-ED9E97AE25B4}.Release|Win32.Build.0 = Release|Win32
		{82E42E94-23C2-4290-9A5D-A472F79FCF89}.Debug|Win32.ActiveCfg = Debug|Win32
		{82E42E94-23C2-4290-9A5D-A472F79FCF89}.Debug|Win32.Build.0 = Debug|Win32
		{82E42E94-23C2-4290-9A5D-A472F79FCF89}.Release|Win32.ActiveCfg = Release|Win32
		{82E42E94-23C2-4290-9A5D-A472F79FCF89}.Release|Win32.Build.0 = Release|Win32
	EndGlobalSection
	GlobalSection(SolutionProperties) = preSolution
		HideSolutionNode = FALSE
	EndGlobalSection
EndGlobal
